<?xml version="1.0" encoding="utf-8"?>
<Project ToolsVersion="4.0" xmlns="http://schemas.microsoft.com/developer/msbuild/2003">
  <ItemGroup>
    <ClCompile Include="..\..\0. C++ Code\Logic Game\main.cpp">
      <Filter>Logic Game</Filter>
    </ClCompile>
    <ClCompile Include="..\..\0. C++ Code\Graphic Lib\sprites.cpp">
      <Filter>Graphic Library</Filter>
    </ClCompile>
    <ClCompile Include="..\..\0. C++ Code\Graphic Lib\stb_vorbis.cpp">
      <Filter>Graphic Library</Filter>
    </ClCompile>
    <ClCompile Include="..\..\0. C++ Code\Graphic Lib\video.cpp">
      <Filter>Graphic Library</Filter>
    </ClCompile>
    <ClCompile Include="..\..\0. C++ Code\Graphic Lib\debug.cpp">
      <Filter>Graphic Library</Filter>
    </ClCompile>
    <ClCompile Include="..\..\0. C++ Code\Graphic Lib\image_png.cpp">
      <Filter>Graphic Library</Filter>
    </ClCompile>
    <ClCompile Include="..\..\0. C++ Code\Graphic Lib\keyboard.cpp">
      <Filter>Graphic Library</Filter>
    </ClCompile>
    <ClCompile Include="..\..\0. C++ Code\Graphic Lib\mouse.cpp">
      <Filter>Graphic Library</Filter>
    </ClCompile>
    <ClCompile Include="..\..\0. C++ Code\Graphic Lib\sound.cpp">
      <Filter>Graphic Library</Filter>
    </ClCompile>
    <ClCompile Include="..\..\0. C++ Code\Graphic Lib\NFont\SDL_FontCache.c">
      <Filter>Graphic Library\NFont</Filter>
    </ClCompile>
    <ClCompile Include="..\..\0. C++ Code\Graphic Lib\NFont\NFont.cpp">
      <Filter>Graphic Library\NFont</Filter>
    </ClCompile>
    <ClCompile Include="Button.cpp">
      <Filter>Logic Game</Filter>
    </ClCompile>
    <ClCompile Include="RadioButton.cpp">
      <Filter>Logic Game</Filter>
    </ClCompile>
    <ClCompile Include="LetrisGame.cpp">
      <Filter>Logic Game</Filter>
    </ClCompile>
    <ClCompile Include="TileRenderer.cpp">
      <Filter>Logic Game</Filter>
    </ClCompile>
    <ClCompile Include="..\..\0. C++ Code\Logic Game\joc.cpp">
      <Filter>Logic Game</Filter>
    </ClCompile>
    <ClCompile Include="Tile.cpp">
      <Filter>Logic Game</Filter>
    </ClCompile>
    <ClCompile Include="Tauler.cpp">
      <Filter>Logic Game</Filter>
    </ClCompile>
    <ClCompile Include="ParaulaCandidata.cpp">
      <Filter>Logic Game</Filter>
    </ClCompile>
    <ClCompile Include="Dictionary.cpp">
      <Filter>Logic Game</Filter>
    </ClCompile>
  </ItemGroup>
  <ItemGroup>
    <ClInclude Include="..\..\0. C++ Code\Graphic Lib\sprites.h">
      <Filter>Graphic Library</Filter>
    </ClInclude>
    <ClInclude Include="..\..\0. C++ Code\Graphic Lib\stb_vorbis.h">
      <Filter>Graphic Library</Filter>
    </ClInclude>
    <ClInclude Include="..\..\0. C++ Code\Graphic Lib\video.h">
      <Filter>Graphic Library</Filter>
    </ClInclude>
    <ClInclude Include="..\..\0. C++ Code\Graphic Lib\debug.h">
      <Filter>Graphic Library</Filter>
    </ClInclude>
    <ClInclude Include="..\..\0. C++ Code\Graphic Lib\error.h">
      <Filter>Graphic Library</Filter>
    </ClInclude>
    <ClInclude Include="..\..\0. C++ Code\Graphic Lib\image_png.h">
      <Filter>Graphic Library</Filter>
    </ClInclude>
    <ClInclude Include="..\..\0. C++ Code\Graphic Lib\keyboard.h">
      <Filter>Graphic Library</Filter>
    </ClInclude>
    <ClInclude Include="..\..\0. C++ Code\Graphic Lib\keyboard_sdl.h">
      <Filter>Graphic Library</Filter>
    </ClInclude>
    <ClInclude Include="..\..\0. C++ Code\Graphic Lib\libreria.h">
      <Filter>Graphic Library</Filter>
    </ClInclude>
    <ClInclude Include="..\..\0. C++ Code\Graphic Lib\mouse.h">
      <Filter>Graphic Library</Filter>
    </ClInclude>
    <ClInclude Include="..\..\0. C++ Code\Graphic Lib\sound.h">
      <Filter>Graphic Library</Filter>
    </ClInclude>
    <ClInclude Include="..\..\0. C++ Code\Graphic Lib\NFont\NFont_gpu.h">
      <Filter>Graphic Library\NFont</Filter>
    </ClInclude>
    <ClInclude Include="..\..\0. C++ Code\Graphic Lib\NFont\SDL_FontCache.h">
      <Filter>Graphic Library\NFont</Filter>
    </ClInclude>
    <ClInclude Include="..\..\0. C++ Code\Graphic Lib\NFont\NFont.h">
      <Filter>Graphic Library\NFont</Filter>
    </ClInclude>
    <ClInclude Include="Button.h">
      <Filter>Logic Game</Filter>
    </ClInclude>
    <ClInclude Include="LetrisGame.h">
      <Filter>Logic Game</Filter>
    </ClInclude>
    <ClInclude Include="RadioButton.h">
      <Filter>Logic Game</Filter>
    </ClInclude>
    <ClInclude Include="TileRenderer.h">
      <Filter>Logic Game</Filter>
    </ClInclude>
    <ClInclude Include="..\..\0. C++ Code\Logic Game\joc.h">
      <Filter>Logic Game</Filter>
    </ClInclude>
    <ClInclude Include="Tile.h">
      <Filter>Logic Game</Filter>
    </ClInclude>
    <ClInclude Include="Tauler.h">
      <Filter>Logic Game</Filter>
    </ClInclude>
    <ClInclude Include="ParaulaCandidata.h">
      <Filter>Logic Game</Filter>
    </ClInclude>
    <ClInclude Include="Dictionary.h">
      <Filter>Logic Game</Filter>
    </ClInclude>
  </ItemGroup>
  <ItemGroup>
    <Filter Include="Logic Game">
      <UniqueIdentifier>{fec829ba-01ac-49c3-b912-87f970f7be5e}</UniqueIdentifier>
    </Filter>
    <Filter Include="Graphic Library">
      <UniqueIdentifier>{b1a8fc01-1c5f-4407-ae99-839ccf028ac3}</UniqueIdentifier>
    </Filter>
    <Filter Include="Graphic Library\NFont">
      <UniqueIdentifier>{9d14b6b8-0574-4243-9513-f9cd42bc5769}</UniqueIdentifier>
    </Filter>
  </ItemGroup>
</Project>